// !$*UTF8*$!
{
	archiveVersion = 1;
	classes = {
	};
	objectVersion = 45;
	objects = {

/* Begin PBXBuildFile section */
		1D3623260D0F684500981E51 /* Neander4iPhoneAppDelegate.m in Sources */ = {isa = PBXBuildFile; fileRef = 1D3623250D0F684500981E51 /* Neander4iPhoneAppDelegate.m */; };
		1D60589B0D05DD56006BFB54 /* main.m in Sources */ = {isa = PBXBuildFile; fileRef = 29B97316FDCFA39411CA2CEA /* main.m */; };
		1D60589F0D05DD5A006BFB54 /* Foundation.framework in Frameworks */ = {isa = PBXBuildFile; fileRef = 1D30AB110D05D00D00671497 /* Foundation.framework */; };
		1DF5F4E00D08C38300B7A737 /* UIKit.framework in Frameworks */ = {isa = PBXBuildFile; fileRef = 1DF5F4DF0D08C38300B7A737 /* UIKit.framework */; };
		288765FD0DF74451002DB57D /* CoreGraphics.framework in Frameworks */ = {isa = PBXBuildFile; fileRef = 288765FC0DF74451002DB57D /* CoreGraphics.framework */; };
		28AD733F0D9D9553002E5188 /* MainWindow.xib in Resources */ = {isa = PBXBuildFile; fileRef = 28AD733E0D9D9553002E5188 /* MainWindow.xib */; };
		3F14228915BBEFA5004C66F1 /* NeanderViewController.m in Sources */ = {isa = PBXBuildFile; fileRef = 3F14228815BBEFA5004C66F1 /* NeanderViewController.m */; };
		3F14228A15BBEFA5004C66F1 /* NeanderViewController.m in Sources */ = {isa = PBXBuildFile; fileRef = 3F14228815BBEFA5004C66F1 /* NeanderViewController.m */; };
		3F473E85130AF84D004D7224 /* SenTestingKit.framework in Frameworks */ = {isa = PBXBuildFile; fileRef = 3F473D5B130AECC6004D7224 /* SenTestingKit.framework */; };
		3F473E91130AF8A0004D7224 /* SimpleTests.m in Sources */ = {isa = PBXBuildFile; fileRef = 3F473E90130AF8A0004D7224 /* SimpleTests.m */; };
		3F473F15130AFD81004D7224 /* Neander.m in Sources */ = {isa = PBXBuildFile; fileRef = 3F5FB8BC130ADBEC0037D55C /* Neander.m */; };
		3F586D0415B8E6C900165CF3 /* programaNeander.mem in Resources */ = {isa = PBXBuildFile; fileRef = 3F586D0315B8E6C900165CF3 /* programaNeander.mem */; };
		3F586D0515B8E6C900165CF3 /* programaNeander.mem in Resources */ = {isa = PBXBuildFile; fileRef = 3F586D0315B8E6C900165CF3 /* programaNeander.mem */; };
		3F586D9115B8EEDD00165CF3 /* MemReader.m in Sources */ = {isa = PBXBuildFile; fileRef = 3F586D9015B8EEDD00165CF3 /* MemReader.m */; };
		3F586D9215B8EEDD00165CF3 /* MemReader.m in Sources */ = {isa = PBXBuildFile; fileRef = 3F586D9015B8EEDD00165CF3 /* MemReader.m */; };
		3F5FB8BD130ADBEC0037D55C /* Neander.m in Sources */ = {isa = PBXBuildFile; fileRef = 3F5FB8BC130ADBEC0037D55C /* Neander.m */; };
		3F89768615BCEF780029AA17 /* NeanderView.m in Sources */ = {isa = PBXBuildFile; fileRef = 3F89768415BCEF780029AA17 /* NeanderView.m */; };
		3F89768715BCEF780029AA17 /* NeanderView.m in Sources */ = {isa = PBXBuildFile; fileRef = 3F89768415BCEF780029AA17 /* NeanderView.m */; };
/* End PBXBuildFile section */

/* Begin PBXFileReference section */
		1D30AB110D05D00D00671497 /* Foundation.framework */ = {isa = PBXFileReference; lastKnownFileType = wrapper.framework; name = Foundation.framework; path = System/Library/Frameworks/Foundation.framework; sourceTree = SDKROOT; };
		1D3623240D0F684500981E51 /* Neander4iPhoneAppDelegate.h */ = {isa = PBXFileReference; fileEncoding = 4; lastKnownFileType = sourcecode.c.h; path = Neander4iPhoneAppDelegate.h; sourceTree = "<group>"; };
		1D3623250D0F684500981E51 /* Neander4iPhoneAppDelegate.m */ = {isa = PBXFileReference; fileEncoding = 4; lastKnownFileType = sourcecode.c.objc; path = Neander4iPhoneAppDelegate.m; sourceTree = "<group>"; };
		1D6058910D05DD3D006BFB54 /* Neander4iPhone.app */ = {isa = PBXFileReference; explicitFileType = wrapper.application; includeInIndex = 0; path = Neander4iPhone.app; sourceTree = BUILT_PRODUCTS_DIR; };
		1DF5F4DF0D08C38300B7A737 /* UIKit.framework */ = {isa = PBXFileReference; lastKnownFileType = wrapper.framework; name = UIKit.framework; path = System/Library/Frameworks/UIKit.framework; sourceTree = SDKROOT; };
		288765FC0DF74451002DB57D /* CoreGraphics.framework */ = {isa = PBXFileReference; lastKnownFileType = wrapper.framework; name = CoreGraphics.framework; path = System/Library/Frameworks/CoreGraphics.framework; sourceTree = SDKROOT; };
		28AD733E0D9D9553002E5188 /* MainWindow.xib */ = {isa = PBXFileReference; lastKnownFileType = file.xib; path = MainWindow.xib; sourceTree = "<group>"; };
		29B97316FDCFA39411CA2CEA /* main.m */ = {isa = PBXFileReference; fileEncoding = 4; lastKnownFileType = sourcecode.c.objc; path = main.m; sourceTree = "<group>"; };
		32CA4F630368D1EE00C91783 /* Neander4iPhone_Prefix.pch */ = {isa = PBXFileReference; fileEncoding = 4; lastKnownFileType = sourcecode.c.h; path = Neander4iPhone_Prefix.pch; sourceTree = "<group>"; };
		3F14228715BBEF9B004C66F1 /* NeanderViewController.h */ = {isa = PBXFileReference; fileEncoding = 4; lastKnownFileType = sourcecode.c.h; path = NeanderViewController.h; sourceTree = "<group>"; };
		3F14228815BBEFA5004C66F1 /* NeanderViewController.m */ = {isa = PBXFileReference; fileEncoding = 4; lastKnownFileType = sourcecode.c.objc; path = NeanderViewController.m; sourceTree = "<group>"; };
		3F473D08130AEBFF004D7224 /* NeanderTests-Info.plist */ = {isa = PBXFileReference; lastKnownFileType = text.plist.xml; path = "NeanderTests-Info.plist"; sourceTree = "<group>"; };
		3F473D5B130AECC6004D7224 /* SenTestingKit.framework */ = {isa = PBXFileReference; lastKnownFileType = wrapper.framework; name = SenTestingKit.framework; path = Library/Frameworks/SenTestingKit.framework; sourceTree = DEVELOPER_DIR; };
		3F473E81130AF82B004D7224 /* NeanderTests.octest */ = {isa = PBXFileReference; explicitFileType = wrapper.cfbundle; includeInIndex = 0; path = NeanderTests.octest; sourceTree = BUILT_PRODUCTS_DIR; };
		3F473E8F130AF8A0004D7224 /* SimpleTests.h */ = {isa = PBXFileReference; fileEncoding = 4; lastKnownFileType = sourcecode.c.h; path = SimpleTests.h; sourceTree = "<group>"; };
		3F473E90130AF8A0004D7224 /* SimpleTests.m */ = {isa = PBXFileReference; fileEncoding = 4; lastKnownFileType = sourcecode.c.objc; path = SimpleTests.m; sourceTree = "<group>"; };
		3F473EB4130AF9D8004D7224 /* Neander4iPhone-Info copy.plist */ = {isa = PBXFileReference; lastKnownFileType = text.plist.xml; path = "Neander4iPhone-Info copy.plist"; sourceTree = "<group>"; };
		3F586D0315B8E6C900165CF3 /* programaNeander.mem */ = {isa = PBXFileReference; lastKnownFileType = file; path = programaNeander.mem; sourceTree = "<group>"; };
		3F586D8F15B8EEDD00165CF3 /* MemReader.h */ = {isa = PBXFileReference; fileEncoding = 4; lastKnownFileType = sourcecode.c.h; path = MemReader.h; sourceTree = "<group>"; };
		3F586D9015B8EEDD00165CF3 /* MemReader.m */ = {isa = PBXFileReference; fileEncoding = 4; lastKnownFileType = sourcecode.c.objc; path = MemReader.m; sourceTree = "<group>"; };
		3F5FB8BB130ADBEC0037D55C /* Neander.h */ = {isa = PBXFileReference; fileEncoding = 4; lastKnownFileType = sourcecode.c.h; path = Neander.h; sourceTree = "<group>"; };
		3F5FB8BC130ADBEC0037D55C /* Neander.m */ = {isa = PBXFileReference; fileEncoding = 4; lastKnownFileType = sourcecode.c.objc; path = Neander.m; sourceTree = "<group>"; };
		3F5FB8D8130AE3B80037D55C /* Common.h */ = {isa = PBXFileReference; fileEncoding = 4; lastKnownFileType = sourcecode.c.h; path = Common.h; sourceTree = "<group>"; };
		3F89768415BCEF780029AA17 /* NeanderView.m */ = {isa = PBXFileReference; fileEncoding = 4; lastKnownFileType = sourcecode.c.objc; path = NeanderView.m; sourceTree = "<group>"; };
		3F89768515BCEF780029AA17 /* NeanderView.h */ = {isa = PBXFileReference; fileEncoding = 4; lastKnownFileType = sourcecode.c.h; path = NeanderView.h; sourceTree = "<group>"; };
		8D1107310486CEB800E47090 /* Neander4iPhone-Info.plist */ = {isa = PBXFileReference; fileEncoding = 4; lastKnownFileType = text.plist.xml; path = "Neander4iPhone-Info.plist"; plistStructureDefinitionIdentifier = "com.apple.xcode.plist.structure-definition.iphone.info-plist"; sourceTree = "<group>"; };
/* End PBXFileReference section */

/* Begin PBXFrameworksBuildPhase section */
		1D60588F0D05DD3D006BFB54 /* Frameworks */ = {
			isa = PBXFrameworksBuildPhase;
			buildActionMask = 2147483647;
			files = (
				1D60589F0D05DD5A006BFB54 /* Foundation.framework in Frameworks */,
				1DF5F4E00D08C38300B7A737 /* UIKit.framework in Frameworks */,
				288765FD0DF74451002DB57D /* CoreGraphics.framework in Frameworks */,
			);
			runOnlyForDeploymentPostprocessing = 0;
		};
		3F473E7E130AF82B004D7224 /* Frameworks */ = {
			isa = PBXFrameworksBuildPhase;
			buildActionMask = 2147483647;
			files = (
				3F473E85130AF84D004D7224 /* SenTestingKit.framework in Frameworks */,
			);
			runOnlyForDeploymentPostprocessing = 0;
		};
/* End PBXFrameworksBuildPhase section */

/* Begin PBXGroup section */
		080E96DDFE201D6D7F000001 /* Classes */ = {
			isa = PBXGroup;
			children = (
				3F89768515BCEF780029AA17 /* NeanderView.h */,
				3F89768415BCEF780029AA17 /* NeanderView.m */,
				3F14228815BBEFA5004C66F1 /* NeanderViewController.m */,
				3F14228715BBEF9B004C66F1 /* NeanderViewController.h */,
				1D3623240D0F684500981E51 /* Neander4iPhoneAppDelegate.h */,
				1D3623250D0F684500981E51 /* Neander4iPhoneAppDelegate.m */,
				3F5FB8BB130ADBEC0037D55C /* Neander.h */,
				3F5FB8BC130ADBEC0037D55C /* Neander.m */,
				3F5FB8D8130AE3B80037D55C /* Common.h */,
				3F586D8F15B8EEDD00165CF3 /* MemReader.h */,
				3F586D9015B8EEDD00165CF3 /* MemReader.m */,
			);
			path = Classes;
			sourceTree = "<group>";
		};
		19C28FACFE9D520D11CA2CBB /* Products */ = {
			isa = PBXGroup;
			children = (
				1D6058910D05DD3D006BFB54 /* Neander4iPhone.app */,
				3F473E81130AF82B004D7224 /* NeanderTests.octest */,
			);
			name = Products;
			sourceTree = "<group>";
		};
		29B97314FDCFA39411CA2CEA /* CustomTemplate */ = {
			isa = PBXGroup;
			children = (
				3F473E8E130AF8A0004D7224 /* Test_Suites */,
				080E96DDFE201D6D7F000001 /* Classes */,
				29B97315FDCFA39411CA2CEA /* Other Sources */,
				29B97317FDCFA39411CA2CEA /* Resources */,
				29B97323FDCFA39411CA2CEA /* Frameworks */,
				19C28FACFE9D520D11CA2CBB /* Products */,
				3F473D08130AEBFF004D7224 /* NeanderTests-Info.plist */,
			);
			name = CustomTemplate;
			sourceTree = "<group>";
		};
		29B97315FDCFA39411CA2CEA /* Other Sources */ = {
			isa = PBXGroup;
			children = (
				32CA4F630368D1EE00C91783 /* Neander4iPhone_Prefix.pch */,
				29B97316FDCFA39411CA2CEA /* main.m */,
			);
			name = "Other Sources";
			sourceTree = "<group>";
		};
		29B97317FDCFA39411CA2CEA /* Resources */ = {
			isa = PBXGroup;
			children = (
				3F586D0315B8E6C900165CF3 /* programaNeander.mem */,
				28AD733E0D9D9553002E5188 /* MainWindow.xib */,
				8D1107310486CEB800E47090 /* Neander4iPhone-Info.plist */,
				3F473EB4130AF9D8004D7224 /* Neander4iPhone-Info copy.plist */,
			);
			name = Resources;
			sourceTree = "<group>";
		};
		29B97323FDCFA39411CA2CEA /* Frameworks */ = {
			isa = PBXGroup;
			children = (
				3F473D5B130AECC6004D7224 /* SenTestingKit.framework */,
				1DF5F4DF0D08C38300B7A737 /* UIKit.framework */,
				1D30AB110D05D00D00671497 /* Foundation.framework */,
				288765FC0DF74451002DB57D /* CoreGraphics.framework */,
			);
			name = Frameworks;
			sourceTree = "<group>";
		};
		3F473E8E130AF8A0004D7224 /* Test_Suites */ = {
			isa = PBXGroup;
			children = (
				3F473E8F130AF8A0004D7224 /* SimpleTests.h */,
				3F473E90130AF8A0004D7224 /* SimpleTests.m */,
			);
			path = Test_Suites;
			sourceTree = "<group>";
		};
/* End PBXGroup section */

/* Begin PBXNativeTarget section */
		1D6058900D05DD3D006BFB54 /* Neander4iPhone */ = {
			isa = PBXNativeTarget;
			buildConfigurationList = 1D6058960D05DD3E006BFB54 /* Build configuration list for PBXNativeTarget "Neander4iPhone" */;
			buildPhases = (
				1D60588D0D05DD3D006BFB54 /* Resources */,
				1D60588E0D05DD3D006BFB54 /* Sources */,
				1D60588F0D05DD3D006BFB54 /* Frameworks */,
			);
			buildRules = (
			);
			dependencies = (
			);
			name = Neander4iPhone;
			productName = Neander4iPhone;
			productReference = 1D6058910D05DD3D006BFB54 /* Neander4iPhone.app */;
			productType = "com.apple.product-type.application";
		};
		3F473E80130AF82B004D7224 /* NeanderTests */ = {
			isa = PBXNativeTarget;
			buildConfigurationList = 3F473E84130AF849004D7224 /* Build configuration list for PBXNativeTarget "NeanderTests" */;
			buildPhases = (
				3F473E7C130AF82B004D7224 /* Resources */,
				3F473E7D130AF82B004D7224 /* Sources */,
				3F473E7E130AF82B004D7224 /* Frameworks */,
				3F473E7F130AF82B004D7224 /* ShellScript */,
			);
			buildRules = (
			);
			dependencies = (
			);
			name = NeanderTests;
			productName = NeanderTests;
			productReference = 3F473E81130AF82B004D7224 /* NeanderTests.octest */;
			productType = "com.apple.product-type.bundle";
		};
/* End PBXNativeTarget section */

/* Begin PBXProject section */
		29B97313FDCFA39411CA2CEA /* Project object */ = {
			isa = PBXProject;
			buildConfigurationList = C01FCF4E08A954540054247B /* Build configuration list for PBXProject "Neander4iPhone" */;
			compatibilityVersion = "Xcode 3.1";
			developmentRegion = English;
			hasScannedForEncodings = 1;
			knownRegions = (
				English,
				Japanese,
				French,
				German,
			);
			mainGroup = 29B97314FDCFA39411CA2CEA /* CustomTemplate */;
			projectDirPath = "";
			projectRoot = "";
			targets = (
				1D6058900D05DD3D006BFB54 /* Neander4iPhone */,
				3F473E80130AF82B004D7224 /* NeanderTests */,
			);
		};
/* End PBXProject section */

/* Begin PBXResourcesBuildPhase section */
		1D60588D0D05DD3D006BFB54 /* Resources */ = {
			isa = PBXResourcesBuildPhase;
			buildActionMask = 2147483647;
			files = (
				28AD733F0D9D9553002E5188 /* MainWindow.xib in Resources */,
				3F586D0515B8E6C900165CF3 /* programaNeander.mem in Resources */,
			);
			runOnlyForDeploymentPostprocessing = 0;
		};
		3F473E7C130AF82B004D7224 /* Resources */ = {
			isa = PBXResourcesBuildPhase;
			buildActionMask = 2147483647;
			files = (
				3F586D0415B8E6C900165CF3 /* programaNeander.mem in Resources */,
			);
			runOnlyForDeploymentPostprocessing = 0;
		};
/* End PBXResourcesBuildPhase section */

/* Begin PBXShellScriptBuildPhase section */
		3F473E7F130AF82B004D7224 /* ShellScript */ = {
			isa = PBXShellScriptBuildPhase;
			buildActionMask = 2147483647;
			files = (
			);
			inputPaths = (
			);
			outputPaths = (
			);
			runOnlyForDeploymentPostprocessing = 0;
			shellPath = /bin/sh;
			shellScript = "# Run the unit tests in this test bundle.\n\"${SYSTEM_DEVELOPER_DIR}/Tools/RunUnitTests\"\n";
		};
/* End PBXShellScriptBuildPhase section */

/* Begin PBXSourcesBuildPhase section */
		1D60588E0D05DD3D006BFB54 /* Sources */ = {
			isa = PBXSourcesBuildPhase;
			buildActionMask = 2147483647;
			files = (
				1D60589B0D05DD56006BFB54 /* main.m in Sources */,
				1D3623260D0F684500981E51 /* Neander4iPhoneAppDelegate.m in Sources */,
				3F5FB8BD130ADBEC0037D55C /* Neander.m in Sources */,
				3F586D9115B8EEDD00165CF3 /* MemReader.m in Sources */,
				3F14228915BBEFA5004C66F1 /* NeanderViewController.m in Sources */,
				3F89768715BCEF780029AA17 /* NeanderView.m in Sources */,
			);
			runOnlyForDeploymentPostprocessing = 0;
		};
		3F473E7D130AF82B004D7224 /* Sources */ = {
			isa = PBXSourcesBuildPhase;
			buildActionMask = 2147483647;
			files = (
				3F473F15130AFD81004D7224 /* Neander.m in Sources */,
				3F473E91130AF8A0004D7224 /* SimpleTests.m in Sources */,
				3F586D9215B8EEDD00165CF3 /* MemReader.m in Sources */,
				3F14228A15BBEFA5004C66F1 /* NeanderViewController.m in Sources */,
				3F89768615BCEF780029AA17 /* NeanderView.m in Sources */,
			);
			runOnlyForDeploymentPostprocessing = 0;
		};
/* End PBXSourcesBuildPhase section */

/* Begin XCBuildConfiguration section */
		1D6058940D05DD3E006BFB54 /* Debug */ = {
			isa = XCBuildConfiguration;
			buildSettings = {
				ALWAYS_SEARCH_USER_PATHS = NO;
				COPY_PHASE_STRIP = NO;
				FRAMEWORK_SEARCH_PATHS = (
					"$(inherited)",
					"\"$(DEVELOPER_FRAMEWORKS_DIR)\"",
				);
				GCC_DYNAMIC_NO_PIC = NO;
				GCC_OPTIMIZATION_LEVEL = 0;
				GCC_PRECOMPILE_PREFIX_HEADER = YES;
				GCC_PREFIX_HEADER = Neander4iPhone_Prefix.pch;
				INFOPLIST_FILE = "Neander4iPhone-Info.plist";
				PRODUCT_NAME = Neander4iPhone;
			};
			name = Debug;
		};
		1D6058950D05DD3E006BFB54 /* Release */ = {
			isa = XCBuildConfiguration;
			buildSettings = {
				ALWAYS_SEARCH_USER_PATHS = NO;
				COPY_PHASE_STRIP = YES;
				FRAMEWORK_SEARCH_PATHS = (
					"$(inherited)",
					"\"$(DEVELOPER_FRAMEWORKS_DIR)\"",
				);
				GCC_PRECOMPILE_PREFIX_HEADER = YES;
				GCC_PREFIX_HEADER = Neander4iPhone_Prefix.pch;
				INFOPLIST_FILE = "Neander4iPhone-Info.plist";
				PRODUCT_NAME = Neander4iPhone;
				VALIDATE_PRODUCT = YES;
			};
			name = Release;
		};
		3F473E82130AF82B004D7224 /* Debug */ = {
			isa = XCBuildConfiguration;
			buildSettings = {
				ALWAYS_SEARCH_USER_PATHS = NO;
				"CODE_SIGN_IDENTITY[sdk=iphoneos*]" = "";
				COPY_PHASE_STRIP = NO;
				FRAMEWORK_SEARCH_PATHS = (
					"\"$(SDKROOT)/Developer/Library/Frameworks\"",
					"\"$(DEVELOPER_LIBRARY_DIR)/Frameworks\"",
				);
				GCC_DYNAMIC_NO_PIC = NO;
				GCC_ENABLE_FIX_AND_CONTINUE = NO;
				GCC_ENABLE_OBJC_EXCEPTIONS = YES;
				GCC_OPTIMIZATION_LEVEL = 0;
				INFOPLIST_FILE = "NeanderTests-Info.plist";
				OTHER_LDFLAGS = (
					"-framework",
					Foundation,
					"-framework",
					SenTestingKit,
					"-framework",
					UIKit,
				);
				PREBINDING = NO;
				PRODUCT_NAME = NeanderTests;
				SDKROOT = iphoneos;
				WRAPPER_EXTENSION = octest;
			};
			name = Debug;
		};
		3F473E83130AF82B004D7224 /* Release */ = {
			isa = XCBuildConfiguration;
			buildSettings = {
				ALWAYS_SEARCH_USER_PATHS = NO;
				"CODE_SIGN_IDENTITY[sdk=iphoneos*]" = "";
				COPY_PHASE_STRIP = YES;
				DEBUG_INFORMATION_FORMAT = "dwarf-with-dsym";
				FRAMEWORK_SEARCH_PATHS = (
					"\"$(SDKROOT)/Developer/Library/Frameworks\"",
					"\"$(DEVELOPER_LIBRARY_DIR)/Frameworks\"",
				);
				GCC_ENABLE_FIX_AND_CONTINUE = NO;
				GCC_ENABLE_OBJC_EXCEPTIONS = YES;
				INFOPLIST_FILE = "NeanderTests-Info.plist";
				OTHER_LDFLAGS = (
					"-framework",
					Foundation,
					"-framework",
					SenTestingKit,
					"-framework",
					UIKit,
				);
				PREBINDING = NO;
				PRODUCT_NAME = NeanderTests;
				SDKROOT = iphoneos;
				WRAPPER_EXTENSION = octest;
				ZERO_LINK = NO;
			};
			name = Release;
		};
		C01FCF4F08A954540054247B /* Debug */ = {
			isa = XCBuildConfiguration;
			buildSettings = {
				ARCHS = "$(ARCHS_STANDARD_32_BIT)";
				"CODE_SIGN_IDENTITY[sdk=iphoneos*]" = "iPhone Developer";
				GCC_C_LANGUAGE_STANDARD = c99;
				GCC_WARN_ABOUT_RETURN_TYPE = YES;
				GCC_WARN_UNUSED_VARIABLE = YES;
				PREBINDING = NO;
				SDKROOT = iphoneos;
			};
			name = Debug;
		};
		C01FCF5008A954540054247B /* Release */ = {
			isa = XCBuildConfiguration;
			buildSettings = {
				ARCHS = "$(ARCHS_STANDARD_32_BIT)";
				"CODE_SIGN_IDENTITY[sdk=iphoneos*]" = "iPhone Developer";
				GCC_C_LANGUAGE_STANDARD = c99;
				GCC_WARN_ABOUT_RETURN_TYPE = YES;
				GCC_WARN_UNUSED_VARIABLE = YES;
				OTHER_CFLAGS = "-DNS_BLOCK_ASSERTIONS=1";
				PREBINDING = NO;
				SDKROOT = iphoneos;
			};
			name = Release;
		};
/* End XCBuildConfiguration section */

/* Begin XCConfigurationList section */
		1D6058960D05DD3E006BFB54 /* Build configuration list for PBXNativeTarget "Neander4iPhone" */ = {
			isa = XCConfigurationList;
			buildConfigurations = (
				1D6058940D05DD3E006BFB54 /* Debug */,
				1D6058950D05DD3E006BFB54 /* Release */,
			);
			defaultConfigurationIsVisible = 0;
			defaultConfigurationName = Release;
		};
		3F473E84130AF849004D7224 /* Build configuration list for PBXNativeTarget "NeanderTests" */ = {
			isa = XCConfigurationList;
			buildConfigurations = (
				3F473E82130AF82B004D7224 /* Debug */,
				3F473E83130AF82B004D7224 /* Release */,
			);
			defaultConfigurationIsVisible = 0;
			defaultConfigurationName = Release;
		};
		C01FCF4E08A954540054247B /* Build configuration list for PBXProject "Neander4iPhone" */ = {
			isa = XCConfigurationList;
			buildConfigurations = (
				C01FCF4F08A954540054247B /* Debug */,
				C01FCF5008A954540054247B /* Release */,
			);
			defaultConfigurationIsVisible = 0;
			defaultConfigurationName = Release;
		};
/* End XCConfigurationList section */
	};
	rootObject = 29B97313FDCFA39411CA2CEA /* Project object */;
}
